
Microsoft Visual Studio Solution File, Format Version 12.00
# Visual Studio 2012
Project("{FAE04EC0-301F-11D3-BF4B-00C04F79EFBC}") = "01.IndexMultipliedBy5", "01.IndexMultipliedBy5\01.IndexMultipliedBy5.csproj", "{2AE7AF0B-A7E1-4005-824F-D9F6F4628743}"
EndProject
Project("{FAE04EC0-301F-11D3-BF4B-00C04F79EFBC}") = "02.ComparsionOf2Arrays", "02.CompareOf2Arrays\02.ComparsionOf2Arrays.csproj", "{BA07BFC9-24D5-407F-A7D7-0785FEC63582}"
EndProject
Project("{FAE04EC0-301F-11D3-BF4B-00C04F79EFBC}") = "03.ComparsionOf2CharArrays", "03.ComparsionOf2CharArrays\03.ComparsionOf2CharArrays.csproj", "{694DA532-2417-48F9-9FE4-98A059E47CCE}"
EndProject
Project("{FAE04EC0-301F-11D3-BF4B-00C04F79EFBC}") = "04.MaximalSequenceOfEqualElements", "04.MaximalSequenceOfEqualElements\04.MaximalSequenceOfEqualElements.csproj", "{B0C4D514-0973-461F-99D0-49D714C15FB0}"
EndProject
Project("{FAE04EC0-301F-11D3-BF4B-00C04F79EFBC}") = "05.MaximalIncreasingSequence", "05.MaximalIncreasingSequence\05.MaximalIncreasingSequence.csproj", "{F48A687C-44C4-45F4-A952-5C6160CFA986}"
EndProject
Project("{FAE04EC0-301F-11D3-BF4B-00C04F79EFBC}") = "05.MaximalIncreasingSequenceInclBreaking", "05.MaximalIncreasingSequenceInclBreaking\05.MaximalIncreasingSequenceInclBreaking.csproj", "{0E38FFAA-DBBC-4078-B066-4E0802012F41}"
EndProject
Project("{FAE04EC0-301F-11D3-BF4B-00C04F79EFBC}") = "06.MaximalSumOfKElements", "06.MaximalSumOfKElements\06.MaximalSumOfKElements.csproj", "{F967441F-BE8E-4194-B3B7-4B8E68A83D15}"
EndProject
Project("{FAE04EC0-301F-11D3-BF4B-00C04F79EFBC}") = "07.IncreasingOrderSorting", "07.IncreasingOrderSorting\07.IncreasingOrderSorting.csproj", "{389439CC-13FC-44E6-BB35-C76370756362}"
EndProject
Project("{FAE04EC0-301F-11D3-BF4B-00C04F79EFBC}") = "08.SequenceOfMaximalSum", "08.SequenceOfMaximalSum\08.SequenceOfMaximalSum.csproj", "{DD30CEED-343F-4167-8DB6-48491CB1A712}"
EndProject
Project("{FAE04EC0-301F-11D3-BF4B-00C04F79EFBC}") = "09.TheMostFrequentNumber", "09.TheMostFrequentNumber\09.TheMostFrequentNumber.csproj", "{38F9F101-6323-445F-9090-EFAE3C1A7DA4}"
EndProject
Project("{FAE04EC0-301F-11D3-BF4B-00C04F79EFBC}") = "10.SubsequenceOfGivenSum", "10.SubsequenceOfGivenSum\10.SubsequenceOfGivenSum.csproj", "{2C508AB6-1982-42E8-9456-E1A7CE85732F}"
EndProject
Project("{FAE04EC0-301F-11D3-BF4B-00C04F79EFBC}") = "11.BinarySearch", "11.BinarySearch\11.BinarySearch.csproj", "{775EBDEE-0337-4CCF-AA18-106798B05BDB}"
EndProject
Project("{FAE04EC0-301F-11D3-BF4B-00C04F79EFBC}") = "12.RecognisingLetters", "12.RecognisingLetters\12.RecognisingLetters.csproj", "{88BFF7C6-9B18-4532-9802-FF2F19137D48}"
EndProject
Project("{FAE04EC0-301F-11D3-BF4B-00C04F79EFBC}") = "13.MergeSort", "13.MergeSort\13.MergeSort.csproj", "{18B81D95-6D73-4D45-8D89-B9E526A434E9}"
EndProject
Project("{FAE04EC0-301F-11D3-BF4B-00C04F79EFBC}") = "14.QuickSort", "14.QuickSort\14.QuickSort.csproj", "{635312F8-4C71-40E0-A211-863B1372D67B}"
EndProject
Project("{FAE04EC0-301F-11D3-BF4B-00C04F79EFBC}") = "15.SieveOfEratosthenes", "15.SieveOfEratosthenes\15.SieveOfEratosthenes.csproj", "{AF53B573-1AA0-4B27-8BB5-60B902796788}"
EndProject
Project("{FAE04EC0-301F-11D3-BF4B-00C04F79EFBC}") = "20.Variations", "20.Variations\20.Variations.csproj", "{FA018C09-C9B9-4EF4-8ACB-177FB1DAFCA6}"
EndProject
Project("{FAE04EC0-301F-11D3-BF4B-00C04F79EFBC}") = "21.CombinationsOfDistinctElements", "21.CombinationsOfDistinctElements\21.CombinationsOfDistinctElements.csproj", "{09013E02-5C46-471C-924B-E8427AC30936}"
EndProject
Global
	GlobalSection(SolutionConfigurationPlatforms) = preSolution
		Debug|Any CPU = Debug|Any CPU
		Release|Any CPU = Release|Any CPU
	EndGlobalSection
	GlobalSection(ProjectConfigurationPlatforms) = postSolution
		{2AE7AF0B-A7E1-4005-824F-D9F6F4628743}.Debug|Any CPU.ActiveCfg = Debug|Any CPU
		{2AE7AF0B-A7E1-4005-824F-D9F6F4628743}.Debug|Any CPU.Build.0 = Debug|Any CPU
		{2AE7AF0B-A7E1-4005-824F-D9F6F4628743}.Release|Any CPU.ActiveCfg = Release|Any CPU
		{2AE7AF0B-A7E1-4005-824F-D9F6F4628743}.Release|Any CPU.Build.0 = Release|Any CPU
		{BA07BFC9-24D5-407F-A7D7-0785FEC63582}.Debug|Any CPU.ActiveCfg = Debug|Any CPU
		{BA07BFC9-24D5-407F-A7D7-0785FEC63582}.Debug|Any CPU.Build.0 = Debug|Any CPU
		{BA07BFC9-24D5-407F-A7D7-0785FEC63582}.Release|Any CPU.ActiveCfg = Release|Any CPU
		{BA07BFC9-24D5-407F-A7D7-0785FEC63582}.Release|Any CPU.Build.0 = Release|Any CPU
		{694DA532-2417-48F9-9FE4-98A059E47CCE}.Debug|Any CPU.ActiveCfg = Debug|Any CPU
		{694DA532-2417-48F9-9FE4-98A059E47CCE}.Debug|Any CPU.Build.0 = Debug|Any CPU
		{694DA532-2417-48F9-9FE4-98A059E47CCE}.Release|Any CPU.ActiveCfg = Release|Any CPU
		{694DA532-2417-48F9-9FE4-98A059E47CCE}.Release|Any CPU.Build.0 = Release|Any CPU
		{B0C4D514-0973-461F-99D0-49D714C15FB0}.Debug|Any CPU.ActiveCfg = Debug|Any CPU
		{B0C4D514-0973-461F-99D0-49D714C15FB0}.Debug|Any CPU.Build.0 = Debug|Any CPU
		{B0C4D514-0973-461F-99D0-49D714C15FB0}.Release|Any CPU.ActiveCfg = Release|Any CPU
		{B0C4D514-0973-461F-99D0-49D714C15FB0}.Release|Any CPU.Build.0 = Release|Any CPU
		{F48A687C-44C4-45F4-A952-5C6160CFA986}.Debug|Any CPU.ActiveCfg = Debug|Any CPU
		{F48A687C-44C4-45F4-A952-5C6160CFA986}.Debug|Any CPU.Build.0 = Debug|Any CPU
		{F48A687C-44C4-45F4-A952-5C6160CFA986}.Release|Any CPU.ActiveCfg = Release|Any CPU
		{F48A687C-44C4-45F4-A952-5C6160CFA986}.Release|Any CPU.Build.0 = Release|Any CPU
		{0E38FFAA-DBBC-4078-B066-4E0802012F41}.Debug|Any CPU.ActiveCfg = Debug|Any CPU
		{0E38FFAA-DBBC-4078-B066-4E0802012F41}.Debug|Any CPU.Build.0 = Debug|Any CPU
		{0E38FFAA-DBBC-4078-B066-4E0802012F41}.Release|Any CPU.ActiveCfg = Release|Any CPU
		{0E38FFAA-DBBC-4078-B066-4E0802012F41}.Release|Any CPU.Build.0 = Release|Any CPU
		{F967441F-BE8E-4194-B3B7-4B8E68A83D15}.Debug|Any CPU.ActiveCfg = Debug|Any CPU
		{F967441F-BE8E-4194-B3B7-4B8E68A83D15}.Debug|Any CPU.Build.0 = Debug|Any CPU
		{F967441F-BE8E-4194-B3B7-4B8E68A83D15}.Release|Any CPU.ActiveCfg = Release|Any CPU
		{F967441F-BE8E-4194-B3B7-4B8E68A83D15}.Release|Any CPU.Build.0 = Release|Any CPU
		{389439CC-13FC-44E6-BB35-C76370756362}.Debug|Any CPU.ActiveCfg = Debug|Any CPU
		{389439CC-13FC-44E6-BB35-C76370756362}.Debug|Any CPU.Build.0 = Debug|Any CPU
		{389439CC-13FC-44E6-BB35-C76370756362}.Release|Any CPU.ActiveCfg = Release|Any CPU
		{389439CC-13FC-44E6-BB35-C76370756362}.Release|Any CPU.Build.0 = Release|Any CPU
		{DD30CEED-343F-4167-8DB6-48491CB1A712}.Debug|Any CPU.ActiveCfg = Debug|Any CPU
		{DD30CEED-343F-4167-8DB6-48491CB1A712}.Debug|Any CPU.Build.0 = Debug|Any CPU
		{DD30CEED-343F-4167-8DB6-48491CB1A712}.Release|Any CPU.ActiveCfg = Release|Any CPU
		{DD30CEED-343F-4167-8DB6-48491CB1A712}.Release|Any CPU.Build.0 = Release|Any CPU
		{38F9F101-6323-445F-9090-EFAE3C1A7DA4}.Debug|Any CPU.ActiveCfg = Debug|Any CPU
		{38F9F101-6323-445F-9090-EFAE3C1A7DA4}.Debug|Any CPU.Build.0 = Debug|Any CPU
		{38F9F101-6323-445F-9090-EFAE3C1A7DA4}.Release|Any CPU.ActiveCfg = Release|Any CPU
		{38F9F101-6323-445F-9090-EFAE3C1A7DA4}.Release|Any CPU.Build.0 = Release|Any CPU
		{2C508AB6-1982-42E8-9456-E1A7CE85732F}.Debug|Any CPU.ActiveCfg = Debug|Any CPU
		{2C508AB6-1982-42E8-9456-E1A7CE85732F}.Debug|Any CPU.Build.0 = Debug|Any CPU
		{2C508AB6-1982-42E8-9456-E1A7CE85732F}.Release|Any CPU.ActiveCfg = Release|Any CPU
		{2C508AB6-1982-42E8-9456-E1A7CE85732F}.Release|Any CPU.Build.0 = Release|Any CPU
		{775EBDEE-0337-4CCF-AA18-106798B05BDB}.Debug|Any CPU.ActiveCfg = Debug|Any CPU
		{775EBDEE-0337-4CCF-AA18-106798B05BDB}.Debug|Any CPU.Build.0 = Debug|Any CPU
		{775EBDEE-0337-4CCF-AA18-106798B05BDB}.Release|Any CPU.ActiveCfg = Release|Any CPU
		{775EBDEE-0337-4CCF-AA18-106798B05BDB}.Release|Any CPU.Build.0 = Release|Any CPU
		{88BFF7C6-9B18-4532-9802-FF2F19137D48}.Debug|Any CPU.ActiveCfg = Debug|Any CPU
		{88BFF7C6-9B18-4532-9802-FF2F19137D48}.Debug|Any CPU.Build.0 = Debug|Any CPU
		{88BFF7C6-9B18-4532-9802-FF2F19137D48}.Release|Any CPU.ActiveCfg = Release|Any CPU
		{88BFF7C6-9B18-4532-9802-FF2F19137D48}.Release|Any CPU.Build.0 = Release|Any CPU
		{18B81D95-6D73-4D45-8D89-B9E526A434E9}.Debug|Any CPU.ActiveCfg = Debug|Any CPU
		{18B81D95-6D73-4D45-8D89-B9E526A434E9}.Debug|Any CPU.Build.0 = Debug|Any CPU
		{18B81D95-6D73-4D45-8D89-B9E526A434E9}.Release|Any CPU.ActiveCfg = Release|Any CPU
		{18B81D95-6D73-4D45-8D89-B9E526A434E9}.Release|Any CPU.Build.0 = Release|Any CPU
		{635312F8-4C71-40E0-A211-863B1372D67B}.Debug|Any CPU.ActiveCfg = Debug|Any CPU
		{635312F8-4C71-40E0-A211-863B1372D67B}.Debug|Any CPU.Build.0 = Debug|Any CPU
		{635312F8-4C71-40E0-A211-863B1372D67B}.Release|Any CPU.ActiveCfg = Release|Any CPU
		{635312F8-4C71-40E0-A211-863B1372D67B}.Release|Any CPU.Build.0 = Release|Any CPU
		{AF53B573-1AA0-4B27-8BB5-60B902796788}.Debug|Any CPU.ActiveCfg = Debug|Any CPU
		{AF53B573-1AA0-4B27-8BB5-60B902796788}.Debug|Any CPU.Build.0 = Debug|Any CPU
		{AF53B573-1AA0-4B27-8BB5-60B902796788}.Release|Any CPU.ActiveCfg = Release|Any CPU
		{AF53B573-1AA0-4B27-8BB5-60B902796788}.Release|Any CPU.Build.0 = Release|Any CPU
		{FA018C09-C9B9-4EF4-8ACB-177FB1DAFCA6}.Debug|Any CPU.ActiveCfg = Debug|Any CPU
		{FA018C09-C9B9-4EF4-8ACB-177FB1DAFCA6}.Debug|Any CPU.Build.0 = Debug|Any CPU
		{FA018C09-C9B9-4EF4-8ACB-177FB1DAFCA6}.Release|Any CPU.ActiveCfg = Release|Any CPU
		{FA018C09-C9B9-4EF4-8ACB-177FB1DAFCA6}.Release|Any CPU.Build.0 = Release|Any CPU
		{09013E02-5C46-471C-924B-E8427AC30936}.Debug|Any CPU.ActiveCfg = Debug|Any CPU
		{09013E02-5C46-471C-924B-E8427AC30936}.Debug|Any CPU.Build.0 = Debug|Any CPU
		{09013E02-5C46-471C-924B-E8427AC30936}.Release|Any CPU.ActiveCfg = Release|Any CPU
		{09013E02-5C46-471C-924B-E8427AC30936}.Release|Any CPU.Build.0 = Release|Any CPU
	EndGlobalSection
	GlobalSection(SolutionProperties) = preSolution
		HideSolutionNode = FALSE
	EndGlobalSection
EndGlobal
