
Microsoft Visual Studio Solution File, Format Version 12.00
# Visual Studio 2012
Project("{FAE04EC0-301F-11D3-BF4B-00C04F79EFBC}") = "01.SquareRootExceptions", "01.SquareRootExceptions\01.SquareRootExceptions.csproj", "{13553170-1C7E-460C-8CA4-8E85F9232493}"
EndProject
Project("{FAE04EC0-301F-11D3-BF4B-00C04F79EFBC}") = "02.ReadANumber", "02.ReadANumber\02.ReadANumber.csproj", "{FF3F78D0-2704-4284-95C7-D19CDD4B0908}"
EndProject
Project("{FAE04EC0-301F-11D3-BF4B-00C04F79EFBC}") = "03.FullFilePath", "03.FullFilePath\03.FullFilePath.csproj", "{4C565862-F13A-4BEC-9CC6-5C0E22151590}"
EndProject
Project("{FAE04EC0-301F-11D3-BF4B-00C04F79EFBC}") = "04.DownloadingFileFromInternet", "04.DownloadingFileFromInternet\04.DownloadingFileFromInternet.csproj", "{0F782678-C2E1-465A-BCEA-4E6F9662B0C2}"
EndProject
Global
	GlobalSection(SolutionConfigurationPlatforms) = preSolution
		Debug|Any CPU = Debug|Any CPU
		Release|Any CPU = Release|Any CPU
	EndGlobalSection
	GlobalSection(ProjectConfigurationPlatforms) = postSolution
		{13553170-1C7E-460C-8CA4-8E85F9232493}.Debug|Any CPU.ActiveCfg = Debug|Any CPU
		{13553170-1C7E-460C-8CA4-8E85F9232493}.Debug|Any CPU.Build.0 = Debug|Any CPU
		{13553170-1C7E-460C-8CA4-8E85F9232493}.Release|Any CPU.ActiveCfg = Release|Any CPU
		{13553170-1C7E-460C-8CA4-8E85F9232493}.Release|Any CPU.Build.0 = Release|Any CPU
		{FF3F78D0-2704-4284-95C7-D19CDD4B0908}.Debug|Any CPU.ActiveCfg = Debug|Any CPU
		{FF3F78D0-2704-4284-95C7-D19CDD4B0908}.Debug|Any CPU.Build.0 = Debug|Any CPU
		{FF3F78D0-2704-4284-95C7-D19CDD4B0908}.Release|Any CPU.ActiveCfg = Release|Any CPU
		{FF3F78D0-2704-4284-95C7-D19CDD4B0908}.Release|Any CPU.Build.0 = Release|Any CPU
		{4C565862-F13A-4BEC-9CC6-5C0E22151590}.Debug|Any CPU.ActiveCfg = Debug|Any CPU
		{4C565862-F13A-4BEC-9CC6-5C0E22151590}.Debug|Any CPU.Build.0 = Debug|Any CPU
		{4C565862-F13A-4BEC-9CC6-5C0E22151590}.Release|Any CPU.ActiveCfg = Release|Any CPU
		{4C565862-F13A-4BEC-9CC6-5C0E22151590}.Release|Any CPU.Build.0 = Release|Any CPU
		{0F782678-C2E1-465A-BCEA-4E6F9662B0C2}.Debug|Any CPU.ActiveCfg = Debug|Any CPU
		{0F782678-C2E1-465A-BCEA-4E6F9662B0C2}.Debug|Any CPU.Build.0 = Debug|Any CPU
		{0F782678-C2E1-465A-BCEA-4E6F9662B0C2}.Release|Any CPU.ActiveCfg = Release|Any CPU
		{0F782678-C2E1-465A-BCEA-4E6F9662B0C2}.Release|Any CPU.Build.0 = Release|Any CPU
	EndGlobalSection
	GlobalSection(SolutionProperties) = preSolution
		HideSolutionNode = FALSE
	EndGlobalSection
EndGlobal
